
Microsoft Visual Studio Solution File, Format Version 12.00
# Visual Studio Version 17
VisualStudioVersion = 17.0.31903.59
MinimumVisualStudioVersion = 10.0.40219.1
Project("{9A19103F-16F7-4668-BE54-9A1E7A4F7556}") = "StoreApp", "StoreApp\StoreApp.csproj", "{22768D60-906F-49F9-B4E1-75348FDA629E}"
EndProject
Project("{9A19103F-16F7-4668-BE54-9A1E7A4F7556}") = "Entities", "Entities\Entities.csproj", "{E94D0927-3016-48B1-BDB0-7EACF6C8B988}"
EndProject
Project("{9A19103F-16F7-4668-BE54-9A1E7A4F7556}") = "Repositories", "Repositories\Repositories.csproj", "{253202EB-9B82-41A8-A516-75054EB5D038}"
EndProject
Project("{FAE04EC0-301F-11D3-BF4B-00C04F79EFBC}") = "Services", "Services\Services.csproj", "{1A3CDDA8-2A32-4B7C-84F5-F40464472026}"
EndProject
Global
	GlobalSection(SolutionConfigurationPlatforms) = preSolution
		Debug|Any CPU = Debug|Any CPU
		Release|Any CPU = Release|Any CPU
	EndGlobalSection
	GlobalSection(ProjectConfigurationPlatforms) = postSolution
		{22768D60-906F-49F9-B4E1-75348FDA629E}.Debug|Any CPU.ActiveCfg = Debug|Any CPU
		{22768D60-906F-49F9-B4E1-75348FDA629E}.Debug|Any CPU.Build.0 = Debug|Any CPU
		{22768D60-906F-49F9-B4E1-75348FDA629E}.Release|Any CPU.ActiveCfg = Release|Any CPU
		{22768D60-906F-49F9-B4E1-75348FDA629E}.Release|Any CPU.Build.0 = Release|Any CPU
		{E94D0927-3016-48B1-BDB0-7EACF6C8B988}.Debug|Any CPU.ActiveCfg = Debug|Any CPU
		{E94D0927-3016-48B1-BDB0-7EACF6C8B988}.Debug|Any CPU.Build.0 = Debug|Any CPU
		{E94D0927-3016-48B1-BDB0-7EACF6C8B988}.Release|Any CPU.ActiveCfg = Release|Any CPU
		{E94D0927-3016-48B1-BDB0-7EACF6C8B988}.Release|Any CPU.Build.0 = Release|Any CPU
		{253202EB-9B82-41A8-A516-75054EB5D038}.Debug|Any CPU.ActiveCfg = Debug|Any CPU
		{253202EB-9B82-41A8-A516-75054EB5D038}.Debug|Any CPU.Build.0 = Debug|Any CPU
		{253202EB-9B82-41A8-A516-75054EB5D038}.Release|Any CPU.ActiveCfg = Release|Any CPU
		{253202EB-9B82-41A8-A516-75054EB5D038}.Release|Any CPU.Build.0 = Release|Any CPU
		{1A3CDDA8-2A32-4B7C-84F5-F40464472026}.Debug|Any CPU.ActiveCfg = Debug|Any CPU
		{1A3CDDA8-2A32-4B7C-84F5-F40464472026}.Debug|Any CPU.Build.0 = Debug|Any CPU
		{1A3CDDA8-2A32-4B7C-84F5-F40464472026}.Release|Any CPU.ActiveCfg = Release|Any CPU
		{1A3CDDA8-2A32-4B7C-84F5-F40464472026}.Release|Any CPU.Build.0 = Release|Any CPU
	EndGlobalSection
	GlobalSection(SolutionProperties) = preSolution
		HideSolutionNode = FALSE
	EndGlobalSection
	GlobalSection(ExtensibilityGlobals) = postSolution
		SolutionGuid = {B0088ADB-D8C9-477E-B401-D45ECD1B5F80}
	EndGlobalSection
EndGlobal
